
Microsoft Visual Studio Solution File, Format Version 12.00
# Visual Studio Version 16
VisualStudioVersion = 16.0.31613.86
MinimumVisualStudioVersion = 10.0.40219.1
Project("{FAE04EC0-301F-11D3-BF4B-00C04F79EFBC}") = "kebapFormComboBox", "kebapFormComboBox\kebapFormComboBox.csproj", "{CBBA6C15-7CA1-4DA4-8BFC-17457D53DA3E}"
EndProject
Global
	GlobalSection(SolutionConfigurationPlatforms) = preSolution
		Debug|Any CPU = Debug|Any CPU
		Release|Any CPU = Release|Any CPU
	EndGlobalSection
	GlobalSection(ProjectConfigurationPlatforms) = postSolution
		{CBBA6C15-7CA1-4DA4-8BFC-17457D53DA3E}.Debug|Any CPU.ActiveCfg = Debug|Any CPU
		{CBBA6C15-7CA1-4DA4-8BFC-17457D53DA3E}.Debug|Any CPU.Build.0 = Debug|Any CPU
		{CBBA6C15-7CA1-4DA4-8BFC-17457D53DA3E}.Release|Any CPU.ActiveCfg = Release|Any CPU
		{CBBA6C15-7CA1-4DA4-8BFC-17457D53DA3E}.Release|Any CPU.Build.0 = Release|Any CPU
	EndGlobalSection
	GlobalSection(SolutionProperties) = preSolution
		HideSolutionNode = FALSE
	EndGlobalSection
	GlobalSection(ExtensibilityGlobals) = postSolution
		SolutionGuid = {64E12D20-B7AA-4E5D-AECC-ECDA56A90173}
	EndGlobalSection
EndGlobal
